{
  "object": {
    "pins": [
      {
        "package": "CommandLine",
        "repositoryURL": "https://github.com/rxwei/CommandLine.git",
        "state": {
          "branch": null,
          "revision": "5f915a906bd49024d970b4da6c839c456ac5e5ca",
          "version": "3.0.2"
        }
      },
      {
        "package": "Result",
        "repositoryURL": "https://github.com/antitypical/Result.git",
        "state": {
          "branch": null,
          "revision": "7477584259bfce2560a19e06ad9f71db441fff11",
          "version": "3.2.4"
        }
      }
    ]
  },
  "version": 1
}
